PODS:
  - Alamofire (4.8.1)
  - Fetcher (0.1.0):
    - Alamofire (= 4.8.1)
  - SwiftyJSON (5.0.0)

DEPENDENCIES:
  - Fetcher (from `./modules/Fetcher`)
  - SwiftyJSON (= 5.0.0)

SPEC REPOS:
  https://github.com/CocoaPods/Specs.git:
    - SwiftyJSON
  trunk:
    - Alamofire

EXTERNAL SOURCES:
  Fetcher:
    :path: "./modules/Fetcher"

SPEC CHECKSUMS:
  Alamofire: 16ce2c353fb72865124ddae8a57c5942388f4f11
  Fetcher: 3cdf3cb872beec8f82ab823643b69c7346c34840
  SwiftyJSON: 36413e04c44ee145039d332b4f4e2d3e8d6c4db7

PODFILE CHECKSUM: 00c77d0df03b741acbf65aa41696757b6c62787c

COCOAPODS: 1.8.4
